
Microsoft Visual Studio Solution File, Format Version 12.00
# Visual Studio 15
VisualStudioVersion = 15.0.27428.2011
MinimumVisualStudioVersion = 10.0.40219.1
Project("{FAE04EC0-301F-11D3-BF4B-00C04F79EFBC}") = "WSSEPasswordDigestCheck", "WSSEPasswordDigestCheck\WSSEPasswordDigestCheck.csproj", "{4618C4CA-F386-48E8-8DC9-01A34F341690}"
EndProject
Global
	GlobalSection(SolutionConfigurationPlatforms) = preSolution
		Debug|Any CPU = Debug|Any CPU
		Release|Any CPU = Release|Any CPU
	EndGlobalSection
	GlobalSection(ProjectConfigurationPlatforms) = postSolution
		{4618C4CA-F386-48E8-8DC9-01A34F341690}.Debug|Any CPU.ActiveCfg = Debug|Any CPU
		{4618C4CA-F386-48E8-8DC9-01A34F341690}.Debug|Any CPU.Build.0 = Debug|Any CPU
		{4618C4CA-F386-48E8-8DC9-01A34F341690}.Release|Any CPU.ActiveCfg = Release|Any CPU
		{4618C4CA-F386-48E8-8DC9-01A34F341690}.Release|Any CPU.Build.0 = Release|Any CPU
	EndGlobalSection
	GlobalSection(SolutionProperties) = preSolution
		HideSolutionNode = FALSE
	EndGlobalSection
	GlobalSection(ExtensibilityGlobals) = postSolution
		SolutionGuid = {F50861CA-EEC8-4975-8C55-8642FC92C2C7}
	EndGlobalSection
EndGlobal
